
Microsoft Visual Studio Solution File, Format Version 12.00
# Visual Studio Version 17
VisualStudioVersion = 17.14.36429.23
MinimumVisualStudioVersion = 10.0.40219.1
Project("{2150E333-8FDC-42A3-9474-1A3956D46DE8}") = "Services", "Services", "{02EA681E-C7D8-13C7-8484-4AC65E1B71E8}"
EndProject
Project("{2150E333-8FDC-42A3-9474-1A3956D46DE8}") = "Catalog", "Catalog", "{29EE99C6-3A1A-4656-8FD7-7262A6DFD6D7}"
EndProject
Project("{E53339B2-1760-4266-BCC7-CA923CBCF16C}") = "docker-compose", "docker-compose.dcproj", "{81DDED9D-158B-E303-5F62-77A2896D2A5A}"
EndProject
Project("{2150E333-8FDC-42A3-9474-1A3956D46DE8}") = "Basket", "Basket", "{CA5126BE-795F-464B-9396-FBC18EEEAA4B}"
EndProject
Project("{FAE04EC0-301F-11D3-BF4B-00C04F79EFBC}") = "Basket.API", "Services\Basket\Basket.API\Basket.API.csproj", "{51BE67AF-2BF0-47F5-8FF7-130B5C0D44A4}"
EndProject
Project("{FAE04EC0-301F-11D3-BF4B-00C04F79EFBC}") = "Catalog.API", "Services\Catalog\Catalog.API\Catalog.API.csproj", "{33FC5A32-CDDC-EE43-9CA6-483EA2BFBE99}"
EndProject
Project("{2150E333-8FDC-42A3-9474-1A3956D46DE8}") = "Discount", "Discount", "{D34DF840-E2F8-4369-8DB2-F4C2583D4FC1}"
EndProject
Project("{FAE04EC0-301F-11D3-BF4B-00C04F79EFBC}") = "Discount.API", "Services\Discount\Discount.API\Discount.API.csproj", "{2BD346C9-1531-400B-AF18-65788D3559BC}"
EndProject
Project("{FAE04EC0-301F-11D3-BF4B-00C04F79EFBC}") = "Discount.GRPC", "Services\Discount\Discount.GRPC\Discount.GRPC.csproj", "{3A94029E-6F8C-4C3C-B1F1-27B6F149B19B}"
EndProject
Project("{2150E333-8FDC-42A3-9474-1A3956D46DE8}") = "Ordering", "Ordering", "{BE1D0E31-67A1-4798-8F70-1B7C9D6B04CD}"
EndProject
Project("{FAE04EC0-301F-11D3-BF4B-00C04F79EFBC}") = "Ordering.API", "Services\Ordering\Ordering.API\Ordering.API.csproj", "{E7219B61-4DDF-4531-8204-80852F80C1B4}"
EndProject
Project("{2150E333-8FDC-42A3-9474-1A3956D46DE8}") = "BuildingBlocks", "BuildingBlocks", "{89D1BAD3-2670-48E1-A0AD-E50F7101EAF9}"
EndProject
Project("{FAE04EC0-301F-11D3-BF4B-00C04F79EFBC}") = "EventBus.Messages", "BuildingBlocks\EventBus.Messages\EventBus.Messages.csproj", "{EBE7A637-B762-4ECA-9927-33A6BCA920E7}"
EndProject
Project("{2150E333-8FDC-42A3-9474-1A3956D46DE8}") = "ApiGateways", "ApiGateways", "{6F0171BA-145A-4AC4-8F07-DF248BD5A6AE}"
EndProject
Project("{FAE04EC0-301F-11D3-BF4B-00C04F79EFBC}") = "OcelotApiGw", "ApiGateways\OcelotApiGw\OcelotApiGw.csproj", "{E3702FC2-7D41-4FE6-B1A4-E9306E926B62}"
EndProject
Project("{2150E333-8FDC-42A3-9474-1A3956D46DE8}") = "User", "User", "{D6B6CE38-FDEA-44B0-A3A7-C7CD549290FB}"
EndProject
Project("{FAE04EC0-301F-11D3-BF4B-00C04F79EFBC}") = "User.API", "Services\User\User.API\User.API.csproj", "{768CB4EE-6AED-49E7-8362-5789F684F549}"
EndProject
Project("{2150E333-8FDC-42A3-9474-1A3956D46DE8}") = "Authentication", "Authentication", "{F712C4C5-3438-453D-93E9-D01BB7AD7620}"
EndProject
Project("{FAE04EC0-301F-11D3-BF4B-00C04F79EFBC}") = "Authentication.API", "Services\Authentication\Authentication.API\Authentication.API.csproj", "{58B96FCF-33A2-4865-8C20-506EF7742AD8}"
EndProject
Global
	GlobalSection(SolutionConfigurationPlatforms) = preSolution
		Debug|Any CPU = Debug|Any CPU
		Release|Any CPU = Release|Any CPU
	EndGlobalSection
	GlobalSection(ProjectConfigurationPlatforms) = postSolution
		{81DDED9D-158B-E303-5F62-77A2896D2A5A}.Debug|Any CPU.ActiveCfg = Debug|Any CPU
		{81DDED9D-158B-E303-5F62-77A2896D2A5A}.Debug|Any CPU.Build.0 = Debug|Any CPU
		{81DDED9D-158B-E303-5F62-77A2896D2A5A}.Release|Any CPU.ActiveCfg = Release|Any CPU
		{81DDED9D-158B-E303-5F62-77A2896D2A5A}.Release|Any CPU.Build.0 = Release|Any CPU
		{51BE67AF-2BF0-47F5-8FF7-130B5C0D44A4}.Debug|Any CPU.ActiveCfg = Debug|Any CPU
		{51BE67AF-2BF0-47F5-8FF7-130B5C0D44A4}.Debug|Any CPU.Build.0 = Debug|Any CPU
		{51BE67AF-2BF0-47F5-8FF7-130B5C0D44A4}.Release|Any CPU.ActiveCfg = Release|Any CPU
		{51BE67AF-2BF0-47F5-8FF7-130B5C0D44A4}.Release|Any CPU.Build.0 = Release|Any CPU
		{33FC5A32-CDDC-EE43-9CA6-483EA2BFBE99}.Debug|Any CPU.ActiveCfg = Debug|Any CPU
		{33FC5A32-CDDC-EE43-9CA6-483EA2BFBE99}.Debug|Any CPU.Build.0 = Debug|Any CPU
		{33FC5A32-CDDC-EE43-9CA6-483EA2BFBE99}.Release|Any CPU.ActiveCfg = Release|Any CPU
		{33FC5A32-CDDC-EE43-9CA6-483EA2BFBE99}.Release|Any CPU.Build.0 = Release|Any CPU
		{2BD346C9-1531-400B-AF18-65788D3559BC}.Debug|Any CPU.ActiveCfg = Debug|Any CPU
		{2BD346C9-1531-400B-AF18-65788D3559BC}.Debug|Any CPU.Build.0 = Debug|Any CPU
		{2BD346C9-1531-400B-AF18-65788D3559BC}.Release|Any CPU.ActiveCfg = Release|Any CPU
		{2BD346C9-1531-400B-AF18-65788D3559BC}.Release|Any CPU.Build.0 = Release|Any CPU
		{3A94029E-6F8C-4C3C-B1F1-27B6F149B19B}.Debug|Any CPU.ActiveCfg = Debug|Any CPU
		{3A94029E-6F8C-4C3C-B1F1-27B6F149B19B}.Debug|Any CPU.Build.0 = Debug|Any CPU
		{3A94029E-6F8C-4C3C-B1F1-27B6F149B19B}.Release|Any CPU.ActiveCfg = Release|Any CPU
		{3A94029E-6F8C-4C3C-B1F1-27B6F149B19B}.Release|Any CPU.Build.0 = Release|Any CPU
		{E7219B61-4DDF-4531-8204-80852F80C1B4}.Debug|Any CPU.ActiveCfg = Debug|Any CPU
		{E7219B61-4DDF-4531-8204-80852F80C1B4}.Debug|Any CPU.Build.0 = Debug|Any CPU
		{E7219B61-4DDF-4531-8204-80852F80C1B4}.Release|Any CPU.ActiveCfg = Release|Any CPU
		{E7219B61-4DDF-4531-8204-80852F80C1B4}.Release|Any CPU.Build.0 = Release|Any CPU
		{EBE7A637-B762-4ECA-9927-33A6BCA920E7}.Debug|Any CPU.ActiveCfg = Debug|Any CPU
		{EBE7A637-B762-4ECA-9927-33A6BCA920E7}.Debug|Any CPU.Build.0 = Debug|Any CPU
		{EBE7A637-B762-4ECA-9927-33A6BCA920E7}.Release|Any CPU.ActiveCfg = Release|Any CPU
		{EBE7A637-B762-4ECA-9927-33A6BCA920E7}.Release|Any CPU.Build.0 = Release|Any CPU
		{E3702FC2-7D41-4FE6-B1A4-E9306E926B62}.Debug|Any CPU.ActiveCfg = Debug|Any CPU
		{E3702FC2-7D41-4FE6-B1A4-E9306E926B62}.Debug|Any CPU.Build.0 = Debug|Any CPU
		{E3702FC2-7D41-4FE6-B1A4-E9306E926B62}.Release|Any CPU.ActiveCfg = Release|Any CPU
		{E3702FC2-7D41-4FE6-B1A4-E9306E926B62}.Release|Any CPU.Build.0 = Release|Any CPU
		{768CB4EE-6AED-49E7-8362-5789F684F549}.Debug|Any CPU.ActiveCfg = Debug|Any CPU
		{768CB4EE-6AED-49E7-8362-5789F684F549}.Debug|Any CPU.Build.0 = Debug|Any CPU
		{768CB4EE-6AED-49E7-8362-5789F684F549}.Release|Any CPU.ActiveCfg = Release|Any CPU
		{768CB4EE-6AED-49E7-8362-5789F684F549}.Release|Any CPU.Build.0 = Release|Any CPU
		{58B96FCF-33A2-4865-8C20-506EF7742AD8}.Debug|Any CPU.ActiveCfg = Debug|Any CPU
		{58B96FCF-33A2-4865-8C20-506EF7742AD8}.Debug|Any CPU.Build.0 = Debug|Any CPU
		{58B96FCF-33A2-4865-8C20-506EF7742AD8}.Release|Any CPU.ActiveCfg = Release|Any CPU
		{58B96FCF-33A2-4865-8C20-506EF7742AD8}.Release|Any CPU.Build.0 = Release|Any CPU
	EndGlobalSection
	GlobalSection(SolutionProperties) = preSolution
		HideSolutionNode = FALSE
	EndGlobalSection
	GlobalSection(NestedProjects) = preSolution
		{29EE99C6-3A1A-4656-8FD7-7262A6DFD6D7} = {02EA681E-C7D8-13C7-8484-4AC65E1B71E8}
		{CA5126BE-795F-464B-9396-FBC18EEEAA4B} = {02EA681E-C7D8-13C7-8484-4AC65E1B71E8}
		{51BE67AF-2BF0-47F5-8FF7-130B5C0D44A4} = {CA5126BE-795F-464B-9396-FBC18EEEAA4B}
		{33FC5A32-CDDC-EE43-9CA6-483EA2BFBE99} = {29EE99C6-3A1A-4656-8FD7-7262A6DFD6D7}
		{D34DF840-E2F8-4369-8DB2-F4C2583D4FC1} = {02EA681E-C7D8-13C7-8484-4AC65E1B71E8}
		{2BD346C9-1531-400B-AF18-65788D3559BC} = {D34DF840-E2F8-4369-8DB2-F4C2583D4FC1}
		{3A94029E-6F8C-4C3C-B1F1-27B6F149B19B} = {D34DF840-E2F8-4369-8DB2-F4C2583D4FC1}
		{BE1D0E31-67A1-4798-8F70-1B7C9D6B04CD} = {02EA681E-C7D8-13C7-8484-4AC65E1B71E8}
		{E7219B61-4DDF-4531-8204-80852F80C1B4} = {BE1D0E31-67A1-4798-8F70-1B7C9D6B04CD}
		{EBE7A637-B762-4ECA-9927-33A6BCA920E7} = {89D1BAD3-2670-48E1-A0AD-E50F7101EAF9}
		{E3702FC2-7D41-4FE6-B1A4-E9306E926B62} = {6F0171BA-145A-4AC4-8F07-DF248BD5A6AE}
		{D6B6CE38-FDEA-44B0-A3A7-C7CD549290FB} = {02EA681E-C7D8-13C7-8484-4AC65E1B71E8}
		{768CB4EE-6AED-49E7-8362-5789F684F549} = {D6B6CE38-FDEA-44B0-A3A7-C7CD549290FB}
		{F712C4C5-3438-453D-93E9-D01BB7AD7620} = {02EA681E-C7D8-13C7-8484-4AC65E1B71E8}
		{58B96FCF-33A2-4865-8C20-506EF7742AD8} = {F712C4C5-3438-453D-93E9-D01BB7AD7620}
	EndGlobalSection
	GlobalSection(ExtensibilityGlobals) = postSolution
		SolutionGuid = {4887001C-5899-4AE4-9DF1-1E33DBFC223B}
	EndGlobalSection
EndGlobal
